
Microsoft Visual Studio Solution File, Format Version 12.00
# Visual Studio Version 16
VisualStudioVersion = 16.0.30320.27
MinimumVisualStudioVersion = 10.0.40219.1
Project("{FAE04EC0-301F-11D3-BF4B-00C04F79EFBC}") = "SumanaCore", "SumanaCore\SumanaCore.csproj", "{EE0969A4-28B6-4D7F-A469-E081EA77BABE}"
EndProject
Global
	GlobalSection(SolutionConfigurationPlatforms) = preSolution
		Debug|Any CPU = Debug|Any CPU
		Release|Any CPU = Release|Any CPU
	EndGlobalSection
	GlobalSection(ProjectConfigurationPlatforms) = postSolution
		{EE0969A4-28B6-4D7F-A469-E081EA77BABE}.Debug|Any CPU.ActiveCfg = Debug|Any CPU
		{EE0969A4-28B6-4D7F-A469-E081EA77BABE}.Debug|Any CPU.Build.0 = Debug|Any CPU
		{EE0969A4-28B6-4D7F-A469-E081EA77BABE}.Release|Any CPU.ActiveCfg = Release|Any CPU
		{EE0969A4-28B6-4D7F-A469-E081EA77BABE}.Release|Any CPU.Build.0 = Release|Any CPU
	EndGlobalSection
	GlobalSection(SolutionProperties) = preSolution
		HideSolutionNode = FALSE
	EndGlobalSection
	GlobalSection(ExtensibilityGlobals) = postSolution
		SolutionGuid = {482AD5CB-75A6-4D05-BE74-3FFD3306DD1B}
	EndGlobalSection
EndGlobal
